
Microsoft Visual Studio Solution File, Format Version 12.00
# Visual Studio Version 16
VisualStudioVersion = 16.0.30011.22
MinimumVisualStudioVersion = 10.0.40219.1
Project("{FAE04EC0-301F-11D3-BF4B-00C04F79EFBC}") = "1000WebServersCodingChallenge", "1000WebServersCodingChallenge\1000WebServersCodingChallenge.csproj", "{46145DC8-5C2B-4784-8AF4-BCF7454D5393}"
EndProject
Global
	GlobalSection(SolutionConfigurationPlatforms) = preSolution
		Debug|Any CPU = Debug|Any CPU
		Release|Any CPU = Release|Any CPU
	EndGlobalSection
	GlobalSection(ProjectConfigurationPlatforms) = postSolution
		{46145DC8-5C2B-4784-8AF4-BCF7454D5393}.Debug|Any CPU.ActiveCfg = Debug|Any CPU
		{46145DC8-5C2B-4784-8AF4-BCF7454D5393}.Debug|Any CPU.Build.0 = Debug|Any CPU
		{46145DC8-5C2B-4784-8AF4-BCF7454D5393}.Release|Any CPU.ActiveCfg = Release|Any CPU
		{46145DC8-5C2B-4784-8AF4-BCF7454D5393}.Release|Any CPU.Build.0 = Release|Any CPU
	EndGlobalSection
	GlobalSection(SolutionProperties) = preSolution
		HideSolutionNode = FALSE
	EndGlobalSection
	GlobalSection(ExtensibilityGlobals) = postSolution
		SolutionGuid = {DBD9BDD5-49F7-498C-913E-6A9AABD44D80}
	EndGlobalSection
EndGlobal
