
Microsoft Visual Studio Solution File, Format Version 12.00
# Visual Studio Version 16
VisualStudioVersion = 16.0.30011.22
MinimumVisualStudioVersion = 10.0.40219.1
Project("{FAE04EC0-301F-11D3-BF4B-00C04F79EFBC}") = "TreeDirectory", "TreeDirectory\TreeDirectory.csproj", "{71CABAD5-1F3D-4E7E-9F0E-57C409747FAB}"
EndProject
Global
	GlobalSection(SolutionConfigurationPlatforms) = preSolution
		Debug|Any CPU = Debug|Any CPU
		Release|Any CPU = Release|Any CPU
	EndGlobalSection
	GlobalSection(ProjectConfigurationPlatforms) = postSolution
		{71CABAD5-1F3D-4E7E-9F0E-57C409747FAB}.Debug|Any CPU.ActiveCfg = Debug|Any CPU
		{71CABAD5-1F3D-4E7E-9F0E-57C409747FAB}.Debug|Any CPU.Build.0 = Debug|Any CPU
		{71CABAD5-1F3D-4E7E-9F0E-57C409747FAB}.Release|Any CPU.ActiveCfg = Release|Any CPU
		{71CABAD5-1F3D-4E7E-9F0E-57C409747FAB}.Release|Any CPU.Build.0 = Release|Any CPU
	EndGlobalSection
	GlobalSection(SolutionProperties) = preSolution
		HideSolutionNode = FALSE
	EndGlobalSection
	GlobalSection(ExtensibilityGlobals) = postSolution
		SolutionGuid = {F3038230-6A8E-4B38-BC1E-CA8C66D99F91}
	EndGlobalSection
EndGlobal
